
Microsoft Visual Studio Solution File, Format Version 12.00
# Visual Studio Version 16
VisualStudioVersion = 16.0.31624.102
MinimumVisualStudioVersion = 10.0.40219.1
Project("{9A19103F-16F7-4668-BE54-9A1E7A4F7556}") = "SimonGame", "SimonGame.csproj", "{9A867E43-EC60-4F5B-B351-3D49D1DB726C}"
EndProject
Project("{FAE04EC0-301F-11D3-BF4B-00C04F79EFBC}") = "SimonGameTests", "..\SimonGameTests\SimonGameTests.csproj", "{C613A359-F068-4981-AD3B-ABC26313F50C}"
EndProject
Global
	GlobalSection(SolutionConfigurationPlatforms) = preSolution
		Debug|Any CPU = Debug|Any CPU
		Release|Any CPU = Release|Any CPU
	EndGlobalSection
	GlobalSection(ProjectConfigurationPlatforms) = postSolution
		{9A867E43-EC60-4F5B-B351-3D49D1DB726C}.Debug|Any CPU.ActiveCfg = Debug|Any CPU
		{9A867E43-EC60-4F5B-B351-3D49D1DB726C}.Debug|Any CPU.Build.0 = Debug|Any CPU
		{9A867E43-EC60-4F5B-B351-3D49D1DB726C}.Release|Any CPU.ActiveCfg = Release|Any CPU
		{9A867E43-EC60-4F5B-B351-3D49D1DB726C}.Release|Any CPU.Build.0 = Release|Any CPU
		{C613A359-F068-4981-AD3B-ABC26313F50C}.Debug|Any CPU.ActiveCfg = Debug|Any CPU
		{C613A359-F068-4981-AD3B-ABC26313F50C}.Debug|Any CPU.Build.0 = Debug|Any CPU
		{C613A359-F068-4981-AD3B-ABC26313F50C}.Release|Any CPU.ActiveCfg = Release|Any CPU
		{C613A359-F068-4981-AD3B-ABC26313F50C}.Release|Any CPU.Build.0 = Release|Any CPU
	EndGlobalSection
	GlobalSection(SolutionProperties) = preSolution
		HideSolutionNode = FALSE
	EndGlobalSection
	GlobalSection(ExtensibilityGlobals) = postSolution
		SolutionGuid = {5DD39C03-B12C-4D0C-B717-B3AFA766711E}
	EndGlobalSection
EndGlobal
